# THIS IS AN AUTOGENERATED FILE. DO NOT EDIT THIS FILE DIRECTLY.
# yarn lockfile v1


csv-parse@^4.16.0:
  version "4.16.0"
  resolved "http://192.168.14.11:8888/csv-parse/-/csv-parse-4.16.0.tgz#b4c875e288a41f7ff917cb0d7d45880d563034f6"
  integrity sha1-tMh14oikH3/5F8sNfUWIDVYwNPY=

csv-stringify@^5.6.2:
  version "5.6.2"
  resolved "http://192.168.14.11:8888/csv-stringify/-/csv-stringify-5.6.2.tgz#e653783e2189c4c797fbb12abf7f4943c787caa9"
  integrity sha1-5lN4PiGJxMeX+7Eqv39JQ8eHyqk=

node-csv@^0.1.2:
  version "0.1.2"
  resolved "http://192.168.14.11:8888/node-csv/-/node-csv-0.1.2.tgz#ffc86df25f3dc0739020ab15121e2d3033e74700"
  integrity sha1-/8ht8l89wHOQIKsVEh4tMDPnRwA=
